
Microsoft Visual Studio Solution File, Format Version 12.00
# Visual Studio Version 16
VisualStudioVersion = 16.0.32002.261
MinimumVisualStudioVersion = 10.0.40219.1
Project("{FAE04EC0-301F-11D3-BF4B-00C04F79EFBC}") = "Rabota13", "Rabota13.csproj", "{87D17F01-EE16-4272-BF39-8E52634A3481}"
EndProject
Project("{FAE04EC0-301F-11D3-BF4B-00C04F79EFBC}") = "UnitTestProject1", "UnitTestProject1\UnitTestProject1.csproj", "{90A44FB3-A9AA-462F-BF5D-A7BB626A11D8}"
EndProject
Global
	GlobalSection(SolutionConfigurationPlatforms) = preSolution
		Debug|Any CPU = Debug|Any CPU
		Release|Any CPU = Release|Any CPU
	EndGlobalSection
	GlobalSection(ProjectConfigurationPlatforms) = postSolution
		{87D17F01-EE16-4272-BF39-8E52634A3481}.Debug|Any CPU.ActiveCfg = Debug|Any CPU
		{87D17F01-EE16-4272-BF39-8E52634A3481}.Debug|Any CPU.Build.0 = Debug|Any CPU
		{87D17F01-EE16-4272-BF39-8E52634A3481}.Release|Any CPU.ActiveCfg = Release|Any CPU
		{87D17F01-EE16-4272-BF39-8E52634A3481}.Release|Any CPU.Build.0 = Release|Any CPU
		{90A44FB3-A9AA-462F-BF5D-A7BB626A11D8}.Debug|Any CPU.ActiveCfg = Debug|Any CPU
		{90A44FB3-A9AA-462F-BF5D-A7BB626A11D8}.Debug|Any CPU.Build.0 = Debug|Any CPU
		{90A44FB3-A9AA-462F-BF5D-A7BB626A11D8}.Release|Any CPU.ActiveCfg = Release|Any CPU
		{90A44FB3-A9AA-462F-BF5D-A7BB626A11D8}.Release|Any CPU.Build.0 = Release|Any CPU
	EndGlobalSection
	GlobalSection(SolutionProperties) = preSolution
		HideSolutionNode = FALSE
	EndGlobalSection
	GlobalSection(ExtensibilityGlobals) = postSolution
		SolutionGuid = {C6CC1329-483F-4497-B193-8EF3D6116ACC}
	EndGlobalSection
EndGlobal
